{
  "originHash" : "40e584096cb65ba730201fe0b88cda1c8e6dffc91f669acbee6a7ace2d916064",
  "pins" : [
    {
      "identity" : "app-services",
      "kind" : "remoteSourceControl",
      "location" : "https://github.com/tom-murton/app-services.git",
      "state" : {
        "revision" : "dc00eabfc884fb158d6e832ffb31c41e060d76a3",
        "version" : "0.2.4"
      }
    },
    {
      "identity" : "appsflyerframework-strict",
      "kind" : "remoteSourceControl",
      "location" : "https://github.com/AppsFlyerSDK/AppsFlyerFramework-Strict.git",
      "state" : {
        "revision" : "1b900eade06640715b6bb221e59fdc0748e28e86",
        "version" : "7.0.1"
      }
    },
    {
      "identity" : "posthog-ios",
      "kind" : "remoteSourceControl",
      "location" : "https://github.com/PostHog/posthog-ios.git",
      "state" : {
        "revision" : "179438b8e0c9a357ab0caf453577f766ffddbcb3",
        "version" : "3.59.3"
      }
    }
  ],
  "version" : 3
}
